
Microsoft Visual Studio Solution File, Format Version 12.00
# Visual Studio Version 16
VisualStudioVersion = 16.0.31129.286
MinimumVisualStudioVersion = 10.0.40219.1
Project("{2150E333-8FDC-42A3-9474-1A3956D46DE8}") = "Services", "Services", "{0B36D40B-4BB2-4B4E-8D50-BAE56F944DBD}"
EndProject
Project("{2150E333-8FDC-42A3-9474-1A3956D46DE8}") = "Catalog", "Catalog", "{6F51CF07-FD9C-49CB-AB16-028F94F0D250}"
EndProject
Project("{FAE04EC0-301F-11D3-BF4B-00C04F79EFBC}") = "Catalog.API", "Services\Catalog\Catalog.API\Catalog.API.csproj", "{134619AC-CDB4-4952-ABE5-C8754B37D4CB}"
EndProject
Global
	GlobalSection(SolutionConfigurationPlatforms) = preSolution
		Debug|Any CPU = Debug|Any CPU
		Release|Any CPU = Release|Any CPU
	EndGlobalSection
	GlobalSection(ProjectConfigurationPlatforms) = postSolution
		{134619AC-CDB4-4952-ABE5-C8754B37D4CB}.Debug|Any CPU.ActiveCfg = Debug|Any CPU
		{134619AC-CDB4-4952-ABE5-C8754B37D4CB}.Debug|Any CPU.Build.0 = Debug|Any CPU
		{134619AC-CDB4-4952-ABE5-C8754B37D4CB}.Release|Any CPU.ActiveCfg = Release|Any CPU
		{134619AC-CDB4-4952-ABE5-C8754B37D4CB}.Release|Any CPU.Build.0 = Release|Any CPU
	EndGlobalSection
	GlobalSection(SolutionProperties) = preSolution
		HideSolutionNode = FALSE
	EndGlobalSection
	GlobalSection(NestedProjects) = preSolution
		{6F51CF07-FD9C-49CB-AB16-028F94F0D250} = {0B36D40B-4BB2-4B4E-8D50-BAE56F944DBD}
		{134619AC-CDB4-4952-ABE5-C8754B37D4CB} = {6F51CF07-FD9C-49CB-AB16-028F94F0D250}
	EndGlobalSection
	GlobalSection(ExtensibilityGlobals) = postSolution
		SolutionGuid = {25407635-88B2-4193-A274-46F2F758718F}
	EndGlobalSection
EndGlobal
